
Microsoft Visual Studio Solution File, Format Version 12.00
# Visual Studio Version 17
VisualStudioVersion = 17.11.35208.52
MinimumVisualStudioVersion = 10.0.40219.1
Project("{8BC9CEB8-8B4A-11D0-8D11-00A0C91BC942}") = "CudaNN", "CudaNN\CudaNN.vcxproj", "{739A8CF2-A758-4C10-AB7D-A328636BFE3A}"
EndProject
Global
	GlobalSection(SolutionConfigurationPlatforms) = preSolution
		Debug|x64 = Debug|x64
		Release|x64 = Release|x64
	EndGlobalSection
	GlobalSection(ProjectConfigurationPlatforms) = postSolution
		{739A8CF2-A758-4C10-AB7D-A328636BFE3A}.Debug|x64.ActiveCfg = Debug|x64
		{739A8CF2-A758-4C10-AB7D-A328636BFE3A}.Debug|x64.Build.0 = Debug|x64
		{739A8CF2-A758-4C10-AB7D-A328636BFE3A}.Release|x64.ActiveCfg = Release|x64
		{739A8CF2-A758-4C10-AB7D-A328636BFE3A}.Release|x64.Build.0 = Release|x64
	EndGlobalSection
	GlobalSection(SolutionProperties) = preSolution
		HideSolutionNode = FALSE
	EndGlobalSection
	GlobalSection(ExtensibilityGlobals) = postSolution
		SolutionGuid = {A87633F5-5E13-4D88-8D4E-A636DF5B7935}
	EndGlobalSection
EndGlobal
